{
    "requires": true,
    "lockfileVersion": 1,
    "dependencies": {
        "@composer-asset/yiisoft--assets": {
            "version": "file:vendor/foxy/composer-asset/yiisoft/assets"
        },
        "@composer-asset/yiisoft--yii-bootstrap5": {
            "version": "file:vendor/foxy/composer-asset/yiisoft/yii-bootstrap5",
            "requires": {
                "bootstrap": "^5.0.0-alpha1"
            }
        },
        "bootstrap": {
            "version": "5.0.0-alpha1",
            "resolved": "https://registry.npmjs.org/bootstrap/-/bootstrap-5.0.0-alpha1.tgz",
            "integrity": "sha512-iwKneP2pLXl8lN0YpnOuOARiNPTzmh/4cw+Un86u4OqrMLuQpyMC7nO07hvivvcg0B/ektJPjuPnS1s+YmRK9A=="
        }
    }
}
